PODS:
  - Parchment (1.7.0)
  - Realm (4.1.1):
    - Realm/Headers (= 4.1.1)
  - Realm/Headers (4.1.1)
  - RealmSwift (4.1.1):
    - Realm (= 4.1.1)
  - SkyFloatingLabelTextField (3.7.0)
  - TPKeyboardAvoidingSwift (3.2)

DEPENDENCIES:
  - Parchment
  - RealmSwift
  - SkyFloatingLabelTextField (~> 3.0)
  - TPKeyboardAvoidingSwift

SPEC REPOS:
  trunk:
    - Parchment
    - Realm
    - RealmSwift
    - SkyFloatingLabelTextField
    - TPKeyboardAvoidingSwift

SPEC CHECKSUMS:
  Parchment: cae686f73685d16742cec9c19239b7578a15f0f5
  Realm: 25f0a8244cbb1c2271c922963ea8666fc2d8104d
  RealmSwift: 9e2657b33764f80e4a4dffd6d440e24715782052
  SkyFloatingLabelTextField: 4b46db0ab1ccde0919cded29c656e6b4805eda04
  TPKeyboardAvoidingSwift: ce1a75e0bc3af6b485f8bfa1d0a8320cfc565851

PODFILE CHECKSUM: ce60b87306a10c49dfa3e5599f4a87751de46782

COCOAPODS: 1.8.3
